
Microsoft Visual Studio Solution File, Format Version 12.00
# Visual Studio 14
VisualStudioVersion = 14.0.25420.1
MinimumVisualStudioVersion = 10.0.40219.1
Project("{8BC9CEB8-8B4A-11D0-8D11-00A0C91BC942}") = "cuda-by-example-p39-sum-vec", "cuda-by-example-p39-sum-vec\cuda-by-example-p39-sum-vec.vcxproj", "{129CB137-537A-46B5-8E28-E0465A609CE1}"
EndProject
Global
	GlobalSection(SolutionConfigurationPlatforms) = preSolution
		Debug|x64 = Debug|x64
		Release|x64 = Release|x64
	EndGlobalSection
	GlobalSection(ProjectConfigurationPlatforms) = postSolution
		{129CB137-537A-46B5-8E28-E0465A609CE1}.Debug|x64.ActiveCfg = Debug|x64
		{129CB137-537A-46B5-8E28-E0465A609CE1}.Debug|x64.Build.0 = Debug|x64
		{129CB137-537A-46B5-8E28-E0465A609CE1}.Release|x64.ActiveCfg = Release|x64
		{129CB137-537A-46B5-8E28-E0465A609CE1}.Release|x64.Build.0 = Release|x64
	EndGlobalSection
	GlobalSection(SolutionProperties) = preSolution
		HideSolutionNode = FALSE
	EndGlobalSection
EndGlobal
